<?xml version="1.0" encoding="utf-8"?>
<Project ToolsVersion="4.0" xmlns="http://schemas.microsoft.com/developer/msbuild/2003">
  <ItemGroup>
    <ClInclude Include="gui.h" />
    <ClInclude Include="hook.h" />
    <ClInclude Include="AirMemory.h">
      <Filter>Lib</Filter>
    </ClInclude>
    <ClInclude Include="AirWindow.h">
      <Filter>Lib</Filter>
    </ClInclude>
    <ClInclude Include="Packet.h" />
    <ClInclude Include="AutoLogin.h" />
  </ItemGroup>
  <ItemGroup>
    <ClCompile Include="DllMain.cpp" />
    <ClCompile Include="gui.cpp" />
    <ClCompile Include="hook.cpp" />
    <ClCompile Include="AirIO.cpp">
      <Filter>Lib</Filter>
    </ClCompile>
    <ClCompile Include="AirLC.cpp">
      <Filter>Lib</Filter>
    </ClCompile>
    <ClCompile Include="AirMemory.cpp">
      <Filter>Lib</Filter>
    </ClCompile>
    <ClCompile Include="AirMW.cpp">
      <Filter>Lib</Filter>
    </ClCompile>
    <ClCompile Include="AirSW.cpp">
      <Filter>Lib</Filter>
    </ClCompile>
    <ClCompile Include="AirWF.cpp">
      <Filter>Lib</Filter>
    </ClCompile>
    <ClCompile Include="Packet.cpp" />
    <ClCompile Include="AutoLogin.cpp" />
  </ItemGroup>
  <ItemGroup>
    <Filter Include="Lib">
      <UniqueIdentifier>{9934d7d4-2280-486a-a422-9b81a3da9707}</UniqueIdentifier>
    </Filter>
  </ItemGroup>
</Project>