
Microsoft Visual Studio Solution File, Format Version 11.00
# Visual Studio 2010
Project("{8BC9CEB8-8B4A-11D0-8D11-00A0C91BC942}") = "AirFinder", "AirFinder\AirFinder.vcxproj", "{D6FDE9A0-8AD4-470D-9BC9-946A6EB8C239}"
EndProject
Global
	GlobalSection(SolutionConfigurationPlatforms) = preSolution
		Debug|Win32 = Debug|Win32
		Release|Win32 = Release|Win32
	EndGlobalSection
	GlobalSection(ProjectConfigurationPlatforms) = postSolution
		{D6FDE9A0-8AD4-470D-9BC9-946A6EB8C239}.Debug|Win32.ActiveCfg = Debug|Win32
		{D6FDE9A0-8AD4-470D-9BC9-946A6EB8C239}.Debug|Win32.Build.0 = Debug|Win32
		{D6FDE9A0-8AD4-470D-9BC9-946A6EB8C239}.Release|Win32.ActiveCfg = Release|Win32
		{D6FDE9A0-8AD4-470D-9BC9-946A6EB8C239}.Release|Win32.Build.0 = Release|Win32
	EndGlobalSection
	GlobalSection(SolutionProperties) = preSolution
		HideSolutionNode = FALSE
	EndGlobalSection
EndGlobal
