
Microsoft Visual Studio Solution File, Format Version 11.00
# Visual Studio 2010
Project("{8BC9CEB8-8B4A-11D0-8D11-00A0C91BC942}") = "ItemList", "ItemList\ItemList.vcxproj", "{69742F94-56FD-4847-B8DE-268000DC0CE7}"
EndProject
Global
	GlobalSection(SolutionConfigurationPlatforms) = preSolution
		Debug|Win32 = Debug|Win32
		Release|Win32 = Release|Win32
	EndGlobalSection
	GlobalSection(ProjectConfigurationPlatforms) = postSolution
		{69742F94-56FD-4847-B8DE-268000DC0CE7}.Debug|Win32.ActiveCfg = Debug|Win32
		{69742F94-56FD-4847-B8DE-268000DC0CE7}.Debug|Win32.Build.0 = Debug|Win32
		{69742F94-56FD-4847-B8DE-268000DC0CE7}.Release|Win32.ActiveCfg = Release|Win32
		{69742F94-56FD-4847-B8DE-268000DC0CE7}.Release|Win32.Build.0 = Release|Win32
	EndGlobalSection
	GlobalSection(SolutionProperties) = preSolution
		HideSolutionNode = FALSE
	EndGlobalSection
EndGlobal
