
Microsoft Visual Studio Solution File, Format Version 11.00
# Visual Studio 2010
Project("{8BC9CEB8-8B4A-11D0-8D11-00A0C91BC942}") = "Madoka", "Madoka\Madoka.vcxproj", "{D97C0390-4D77-4FC4-BDF2-67C0EE36C4DF}"
EndProject
Global
	GlobalSection(SolutionConfigurationPlatforms) = preSolution
		Debug|Win32 = Debug|Win32
		Release|Win32 = Release|Win32
	EndGlobalSection
	GlobalSection(ProjectConfigurationPlatforms) = postSolution
		{D97C0390-4D77-4FC4-BDF2-67C0EE36C4DF}.Debug|Win32.ActiveCfg = Debug|Win32
		{D97C0390-4D77-4FC4-BDF2-67C0EE36C4DF}.Debug|Win32.Build.0 = Debug|Win32
		{D97C0390-4D77-4FC4-BDF2-67C0EE36C4DF}.Release|Win32.ActiveCfg = Release|Win32
		{D97C0390-4D77-4FC4-BDF2-67C0EE36C4DF}.Release|Win32.Build.0 = Release|Win32
	EndGlobalSection
	GlobalSection(SolutionProperties) = preSolution
		HideSolutionNode = FALSE
	EndGlobalSection
EndGlobal
