<?xml version="1.0" encoding="utf-8"?>
<Project ToolsVersion="4.0" xmlns="http://schemas.microsoft.com/developer/msbuild/2003">
  <ItemGroup>
    <ClCompile Include="DllMain.cpp" />
    <ClCompile Include="Mera.cpp">
      <Filter>GUI</Filter>
    </ClCompile>
    <ClCompile Include="Hyado.cpp">
      <Filter>GUI</Filter>
    </ClCompile>
    <ClCompile Include="RanarionGUI.cpp" />
    <ClCompile Include="HackShield.cpp" />
    <ClCompile Include="MemoryHacks.cpp" />
  </ItemGroup>
  <ItemGroup>
    <Filter Include="GUI">
      <UniqueIdentifier>{eb17e7dc-b22d-4c97-9329-6ad3129198fa}</UniqueIdentifier>
    </Filter>
  </ItemGroup>
  <ItemGroup>
    <ClInclude Include="Hyado.h">
      <Filter>GUI</Filter>
    </ClInclude>
    <ClInclude Include="Mera.h">
      <Filter>GUI</Filter>
    </ClInclude>
    <ClInclude Include="RanarionGUI.h" />
    <ClInclude Include="HackShield.h" />
    <ClInclude Include="MemoryHacks.h" />
  </ItemGroup>
  <ItemGroup>
    <Manifest Include="Ranarion.dll.manifest" />
  </ItemGroup>
</Project>