
Microsoft Visual Studio Solution File, Format Version 11.00
# Visual Studio 2010
Project("{8BC9CEB8-8B4A-11D0-8D11-00A0C91BC942}") = "XCTest", "XCTest\XCTest.vcxproj", "{B304847B-6692-4BA6-8AD3-B1E80D5DBF50}"
EndProject
Global
	GlobalSection(SolutionConfigurationPlatforms) = preSolution
		Debug|Win32 = Debug|Win32
		Release|Win32 = Release|Win32
	EndGlobalSection
	GlobalSection(ProjectConfigurationPlatforms) = postSolution
		{B304847B-6692-4BA6-8AD3-B1E80D5DBF50}.Debug|Win32.ActiveCfg = Debug|Win32
		{B304847B-6692-4BA6-8AD3-B1E80D5DBF50}.Debug|Win32.Build.0 = Debug|Win32
		{B304847B-6692-4BA6-8AD3-B1E80D5DBF50}.Release|Win32.ActiveCfg = Release|Win32
		{B304847B-6692-4BA6-8AD3-B1E80D5DBF50}.Release|Win32.Build.0 = Release|Win32
	EndGlobalSection
	GlobalSection(SolutionProperties) = preSolution
		HideSolutionNode = FALSE
	EndGlobalSection
EndGlobal
