<?xml version="1.0" encoding="utf-8"?>
<Project ToolsVersion="4.0" xmlns="http://schemas.microsoft.com/developer/msbuild/2003">
  <ItemGroup>
    <ClCompile Include="Main.cpp" />
    <ClCompile Include="brynhildr.cpp">
      <Filter>http</Filter>
    </ClCompile>
    <ClCompile Include="Parser.cpp">
      <Filter>html</Filter>
    </ClCompile>
    <ClCompile Include="Tag.cpp">
      <Filter>html</Filter>
    </ClCompile>
  </ItemGroup>
  <ItemGroup>
    <ClInclude Include="brynhildr.h">
      <Filter>http</Filter>
    </ClInclude>
    <ClInclude Include="html.h">
      <Filter>html</Filter>
    </ClInclude>
  </ItemGroup>
  <ItemGroup>
    <Filter Include="http">
      <UniqueIdentifier>{632376bd-a915-4338-9c9c-30523d12e4f6}</UniqueIdentifier>
    </Filter>
    <Filter Include="html">
      <UniqueIdentifier>{b918286a-8317-42e5-a1eb-4014563997f3}</UniqueIdentifier>
    </Filter>
  </ItemGroup>
</Project>