<?xml version="1.0" encoding="utf-8"?>
<Project ToolsVersion="4.0" xmlns="http://schemas.microsoft.com/developer/msbuild/2003">
  <ItemGroup>
    <ClCompile Include="DllMain.cpp" />
    <ClCompile Include="AIR_GUI.cpp">
      <Filter>lib</Filter>
    </ClCompile>
    <ClCompile Include="ASM.cpp">
      <Filter>lib</Filter>
    </ClCompile>
  </ItemGroup>
  <ItemGroup>
    <Manifest Include="SimpleA.exe.manifest" />
  </ItemGroup>
  <ItemGroup>
    <Filter Include="lib">
      <UniqueIdentifier>{e8c8e839-9101-4304-bc41-9ea79e5a2d79}</UniqueIdentifier>
    </Filter>
  </ItemGroup>
  <ItemGroup>
    <ClInclude Include="AIR_GUI.h">
      <Filter>lib</Filter>
    </ClInclude>
    <ClInclude Include="ASM.h">
      <Filter>lib</Filter>
    </ClInclude>
  </ItemGroup>
</Project>